
Microsoft Visual Studio Solution File, Format Version 12.00
# Visual Studio Version 17
VisualStudioVersion = 17.14.36616.10 d17.14
MinimumVisualStudioVersion = 10.0.40219.1
Project("{FAE04EC0-301F-11D3-BF4B-00C04F79EFBC}") = "ObserverPattern", "ObserverPattern.csproj", "{9D9B5BAE-646D-4428-9DB5-98EFE9142D2D}"
EndProject
Global
	GlobalSection(SolutionConfigurationPlatforms) = preSolution
		Debug|Any CPU = Debug|Any CPU
		Release|Any CPU = Release|Any CPU
	EndGlobalSection
	GlobalSection(ProjectConfigurationPlatforms) = postSolution
		{9D9B5BAE-646D-4428-9DB5-98EFE9142D2D}.Debug|Any CPU.ActiveCfg = Debug|Any CPU
		{9D9B5BAE-646D-4428-9DB5-98EFE9142D2D}.Debug|Any CPU.Build.0 = Debug|Any CPU
		{9D9B5BAE-646D-4428-9DB5-98EFE9142D2D}.Release|Any CPU.ActiveCfg = Release|Any CPU
		{9D9B5BAE-646D-4428-9DB5-98EFE9142D2D}.Release|Any CPU.Build.0 = Release|Any CPU
	EndGlobalSection
	GlobalSection(SolutionProperties) = preSolution
		HideSolutionNode = FALSE
	EndGlobalSection
	GlobalSection(ExtensibilityGlobals) = postSolution
		SolutionGuid = {248F9B6B-EEAD-4B5F-BA8C-44A72519EEB3}
	EndGlobalSection
EndGlobal
